{
  "name": "minecraft-creator-pr",
  "lockfileVersion": 3,
  "requires": true,
  "packages": {
    "": {
      "dependencies": {
        "@minecraft/bedrock-schemas": "^1.26.20-beta.21"
      }
    },
    "node_modules/@minecraft/bedrock-schemas": {
      "version": "1.26.20-beta.21",
      "resolved": "https://registry.npmjs.org/@minecraft/bedrock-schemas/-/bedrock-schemas-1.26.20-beta.21.tgz",
      "integrity": "sha512-+Q1EDf2jPSMBVad2iMtjh8QQ73qgoyeB8sIMoYOLySjRxsXQ8rpcWAD2jFiXrgvIPPodmMsgkzfkamjUqih2+Q==",
      "license": "MIT"
    }
  }
}
